
Microsoft Visual Studio Solution File, Format Version 12.00
# Visual Studio Version 17
VisualStudioVersion = 17.4.33110.190
MinimumVisualStudioVersion = 10.0.40219.1
Project("{9A19103F-16F7-4668-BE54-9A1E7A4F7556}") = "CalculatorSwitch", "CalculatorSwitch.csproj", "{9C450E39-32BE-4644-9F79-8D9922AA3476}"
EndProject
Project("{9A19103F-16F7-4668-BE54-9A1E7A4F7556}") = "Fibonacci", "..\Fibonacci\Fibonacci.csproj", "{71F37FC1-5446-406B-9958-FEEAE93906A6}"
EndProject
Project("{9A19103F-16F7-4668-BE54-9A1E7A4F7556}") = "BinarySearch", "..\BinarySearch\BinarySearch.csproj", "{EE5F66CF-F6B2-4A3D-AFCB-E72198624430}"
EndProject
Project("{9A19103F-16F7-4668-BE54-9A1E7A4F7556}") = "VowelOrNot", "..\VowelOrNot\VowelOrNot.csproj", "{CE82141F-9DF8-4A09-9075-9D176A2C56E8}"
EndProject
Project("{9A19103F-16F7-4668-BE54-9A1E7A4F7556}") = "NumberToBinary", "..\NumberToBinary\NumberToBinary.csproj", "{BBD85FAB-FA41-4418-A5E4-650F03C0CB8D}"
EndProject
Project("{9A19103F-16F7-4668-BE54-9A1E7A4F7556}") = "BurgerBuilder", "..\BurgerBuilder\BurgerBuilder.csproj", "{1A39E929-D326-4122-90EC-7997B7663187}"
EndProject
Project("{9A19103F-16F7-4668-BE54-9A1E7A4F7556}") = "DateTimeConsole", "..\DateTimeConsole\DateTimeConsole.csproj", "{A1E1F7C5-CF4C-408C-B648-8B1CDC647AAC}"
EndProject
Project("{9A19103F-16F7-4668-BE54-9A1E7A4F7556}") = "FootballDataReader", "..\FootballDataReader\FootballDataReader.csproj", "{7336CE30-C395-42DE-AB6E-D68FA81DBABE}"
EndProject
Project("{9A19103F-16F7-4668-BE54-9A1E7A4F7556}") = "ExtensionFunctions", "..\ExtensionFunctions\ExtensionFunctions.csproj", "{C791DF93-D4C8-49EB-934C-8DBC6514102D}"
EndProject
Project("{9A19103F-16F7-4668-BE54-9A1E7A4F7556}") = "TicTacToe", "..\TicTacToe\TicTacToe.csproj", "{3D2D9F6B-3E5C-4615-84FE-AEC0FE7E39AA}"
EndProject
Project("{9A19103F-16F7-4668-BE54-9A1E7A4F7556}") = "WordAnalyzer", "..\WordAnalyzer\WordAnalyzer.csproj", "{B968E6DC-232B-4C94-9DF2-B9A6487BA6FC}"
EndProject
Project("{9A19103F-16F7-4668-BE54-9A1E7A4F7556}") = "MultithreadingBugFix", "..\MultithreadingBugFix\MultithreadingBugFix.csproj", "{356C7F4F-F2CD-457E-8FA1-7E2CB9E4D682}"
EndProject
Project("{9A19103F-16F7-4668-BE54-9A1E7A4F7556}") = "BranchSum", "..\BranchSum\BranchSum.csproj", "{8F597F18-A4F6-42C9-B5F5-C4AE44DDA05D}"
EndProject
Project("{9A19103F-16F7-4668-BE54-9A1E7A4F7556}") = "MoveElementToEnd", "..\MoveElementToEnd\MoveElementToEnd.csproj", "{1892697C-4CC8-4467-88A9-9623B5822833}"
EndProject
Project("{FAE04EC0-301F-11D3-BF4B-00C04F79EFBC}") = "WarehouseManagementSystem", "..\WarehouseManagementSystem\WarehouseManagementSystem.csproj", "{9D378AD0-27AD-4EDE-91F0-0F0ACF2E6214}"
EndProject
Global
	GlobalSection(SolutionConfigurationPlatforms) = preSolution
		Debug|Any CPU = Debug|Any CPU
		Release|Any CPU = Release|Any CPU
	EndGlobalSection
	GlobalSection(ProjectConfigurationPlatforms) = postSolution
		{9C450E39-32BE-4644-9F79-8D9922AA3476}.Debug|Any CPU.ActiveCfg = Debug|Any CPU
		{9C450E39-32BE-4644-9F79-8D9922AA3476}.Debug|Any CPU.Build.0 = Debug|Any CPU
		{9C450E39-32BE-4644-9F79-8D9922AA3476}.Release|Any CPU.ActiveCfg = Release|Any CPU
		{9C450E39-32BE-4644-9F79-8D9922AA3476}.Release|Any CPU.Build.0 = Release|Any CPU
		{71F37FC1-5446-406B-9958-FEEAE93906A6}.Debug|Any CPU.ActiveCfg = Debug|Any CPU
		{71F37FC1-5446-406B-9958-FEEAE93906A6}.Debug|Any CPU.Build.0 = Debug|Any CPU
		{71F37FC1-5446-406B-9958-FEEAE93906A6}.Release|Any CPU.ActiveCfg = Release|Any CPU
		{71F37FC1-5446-406B-9958-FEEAE93906A6}.Release|Any CPU.Build.0 = Release|Any CPU
		{EE5F66CF-F6B2-4A3D-AFCB-E72198624430}.Debug|Any CPU.ActiveCfg = Debug|Any CPU
		{EE5F66CF-F6B2-4A3D-AFCB-E72198624430}.Debug|Any CPU.Build.0 = Debug|Any CPU
		{EE5F66CF-F6B2-4A3D-AFCB-E72198624430}.Release|Any CPU.ActiveCfg = Release|Any CPU
		{EE5F66CF-F6B2-4A3D-AFCB-E72198624430}.Release|Any CPU.Build.0 = Release|Any CPU
		{CE82141F-9DF8-4A09-9075-9D176A2C56E8}.Debug|Any CPU.ActiveCfg = Debug|Any CPU
		{CE82141F-9DF8-4A09-9075-9D176A2C56E8}.Debug|Any CPU.Build.0 = Debug|Any CPU
		{CE82141F-9DF8-4A09-9075-9D176A2C56E8}.Release|Any CPU.ActiveCfg = Release|Any CPU
		{CE82141F-9DF8-4A09-9075-9D176A2C56E8}.Release|Any CPU.Build.0 = Release|Any CPU
		{BBD85FAB-FA41-4418-A5E4-650F03C0CB8D}.Debug|Any CPU.ActiveCfg = Debug|Any CPU
		{BBD85FAB-FA41-4418-A5E4-650F03C0CB8D}.Debug|Any CPU.Build.0 = Debug|Any CPU
		{BBD85FAB-FA41-4418-A5E4-650F03C0CB8D}.Release|Any CPU.ActiveCfg = Release|Any CPU
		{BBD85FAB-FA41-4418-A5E4-650F03C0CB8D}.Release|Any CPU.Build.0 = Release|Any CPU
		{1A39E929-D326-4122-90EC-7997B7663187}.Debug|Any CPU.ActiveCfg = Debug|Any CPU
		{1A39E929-D326-4122-90EC-7997B7663187}.Debug|Any CPU.Build.0 = Debug|Any CPU
		{1A39E929-D326-4122-90EC-7997B7663187}.Release|Any CPU.ActiveCfg = Release|Any CPU
		{1A39E929-D326-4122-90EC-7997B7663187}.Release|Any CPU.Build.0 = Release|Any CPU
		{A1E1F7C5-CF4C-408C-B648-8B1CDC647AAC}.Debug|Any CPU.ActiveCfg = Debug|Any CPU
		{A1E1F7C5-CF4C-408C-B648-8B1CDC647AAC}.Debug|Any CPU.Build.0 = Debug|Any CPU
		{A1E1F7C5-CF4C-408C-B648-8B1CDC647AAC}.Release|Any CPU.ActiveCfg = Release|Any CPU
		{A1E1F7C5-CF4C-408C-B648-8B1CDC647AAC}.Release|Any CPU.Build.0 = Release|Any CPU
		{7336CE30-C395-42DE-AB6E-D68FA81DBABE}.Debug|Any CPU.ActiveCfg = Debug|Any CPU
		{7336CE30-C395-42DE-AB6E-D68FA81DBABE}.Debug|Any CPU.Build.0 = Debug|Any CPU
		{7336CE30-C395-42DE-AB6E-D68FA81DBABE}.Release|Any CPU.ActiveCfg = Release|Any CPU
		{7336CE30-C395-42DE-AB6E-D68FA81DBABE}.Release|Any CPU.Build.0 = Release|Any CPU
		{C791DF93-D4C8-49EB-934C-8DBC6514102D}.Debug|Any CPU.ActiveCfg = Debug|Any CPU
		{C791DF93-D4C8-49EB-934C-8DBC6514102D}.Debug|Any CPU.Build.0 = Debug|Any CPU
		{C791DF93-D4C8-49EB-934C-8DBC6514102D}.Release|Any CPU.ActiveCfg = Release|Any CPU
		{C791DF93-D4C8-49EB-934C-8DBC6514102D}.Release|Any CPU.Build.0 = Release|Any CPU
		{3D2D9F6B-3E5C-4615-84FE-AEC0FE7E39AA}.Debug|Any CPU.ActiveCfg = Debug|Any CPU
		{3D2D9F6B-3E5C-4615-84FE-AEC0FE7E39AA}.Debug|Any CPU.Build.0 = Debug|Any CPU
		{3D2D9F6B-3E5C-4615-84FE-AEC0FE7E39AA}.Release|Any CPU.ActiveCfg = Release|Any CPU
		{3D2D9F6B-3E5C-4615-84FE-AEC0FE7E39AA}.Release|Any CPU.Build.0 = Release|Any CPU
		{B968E6DC-232B-4C94-9DF2-B9A6487BA6FC}.Debug|Any CPU.ActiveCfg = Debug|Any CPU
		{B968E6DC-232B-4C94-9DF2-B9A6487BA6FC}.Debug|Any CPU.Build.0 = Debug|Any CPU
		{B968E6DC-232B-4C94-9DF2-B9A6487BA6FC}.Release|Any CPU.ActiveCfg = Release|Any CPU
		{B968E6DC-232B-4C94-9DF2-B9A6487BA6FC}.Release|Any CPU.Build.0 = Release|Any CPU
		{356C7F4F-F2CD-457E-8FA1-7E2CB9E4D682}.Debug|Any CPU.ActiveCfg = Debug|Any CPU
		{356C7F4F-F2CD-457E-8FA1-7E2CB9E4D682}.Debug|Any CPU.Build.0 = Debug|Any CPU
		{356C7F4F-F2CD-457E-8FA1-7E2CB9E4D682}.Release|Any CPU.ActiveCfg = Release|Any CPU
		{356C7F4F-F2CD-457E-8FA1-7E2CB9E4D682}.Release|Any CPU.Build.0 = Release|Any CPU
		{8F597F18-A4F6-42C9-B5F5-C4AE44DDA05D}.Debug|Any CPU.ActiveCfg = Debug|Any CPU
		{8F597F18-A4F6-42C9-B5F5-C4AE44DDA05D}.Debug|Any CPU.Build.0 = Debug|Any CPU
		{8F597F18-A4F6-42C9-B5F5-C4AE44DDA05D}.Release|Any CPU.ActiveCfg = Release|Any CPU
		{8F597F18-A4F6-42C9-B5F5-C4AE44DDA05D}.Release|Any CPU.Build.0 = Release|Any CPU
		{1892697C-4CC8-4467-88A9-9623B5822833}.Debug|Any CPU.ActiveCfg = Debug|Any CPU
		{1892697C-4CC8-4467-88A9-9623B5822833}.Debug|Any CPU.Build.0 = Debug|Any CPU
		{1892697C-4CC8-4467-88A9-9623B5822833}.Release|Any CPU.ActiveCfg = Release|Any CPU
		{1892697C-4CC8-4467-88A9-9623B5822833}.Release|Any CPU.Build.0 = Release|Any CPU
		{9D378AD0-27AD-4EDE-91F0-0F0ACF2E6214}.Debug|Any CPU.ActiveCfg = Debug|Any CPU
		{9D378AD0-27AD-4EDE-91F0-0F0ACF2E6214}.Debug|Any CPU.Build.0 = Debug|Any CPU
		{9D378AD0-27AD-4EDE-91F0-0F0ACF2E6214}.Release|Any CPU.ActiveCfg = Release|Any CPU
		{9D378AD0-27AD-4EDE-91F0-0F0ACF2E6214}.Release|Any CPU.Build.0 = Release|Any CPU
	EndGlobalSection
	GlobalSection(SolutionProperties) = preSolution
		HideSolutionNode = FALSE
	EndGlobalSection
	GlobalSection(ExtensibilityGlobals) = postSolution
		SolutionGuid = {71676BCA-A681-47B8-92D2-B913BECFD3C6}
	EndGlobalSection
EndGlobal
